
Microsoft Visual Studio Solution File, Format Version 12.00
# Visual Studio 14
VisualStudioVersion = 14.0.23107.0
MinimumVisualStudioVersion = 10.0.40219.1
Project("{159641D6-6404-4A2A-AE62-294DE0FE8301}") = "OltpDeltaChanges", "OltpDeltaChanges\OltpDeltaChanges.dtproj", "{0F13D8F5-5A14-4BB8-8D9B-C8CF52387A21}"
EndProject
Global
	GlobalSection(SolutionConfigurationPlatforms) = preSolution
		Development|Default = Development|Default
	EndGlobalSection
	GlobalSection(ProjectConfigurationPlatforms) = postSolution
		{0F13D8F5-5A14-4BB8-8D9B-C8CF52387A21}.Development|Default.ActiveCfg = Development
		{0F13D8F5-5A14-4BB8-8D9B-C8CF52387A21}.Development|Default.Build.0 = Development
	EndGlobalSection
	GlobalSection(SolutionProperties) = preSolution
		HideSolutionNode = FALSE
	EndGlobalSection
EndGlobal
